
Microsoft Visual Studio Solution File, Format Version 12.00
# Visual Studio Version 16
VisualStudioVersion = 16.0.31613.86
MinimumVisualStudioVersion = 10.0.40219.1
Project("{9A19103F-16F7-4668-BE54-9A1E7A4F7556}") = "GrpcClient", "GrpcClient\GrpcClient.csproj", "{5AC0F057-5566-4F14-B344-312B894F9240}"
EndProject
Project("{9A19103F-16F7-4668-BE54-9A1E7A4F7556}") = "GrpcService", "GrpcService\GrpcService.csproj", "{89CDA972-6395-41EF-8A3C-1B23887A2AC1}"
EndProject
Global
	GlobalSection(SolutionConfigurationPlatforms) = preSolution
		Debug|Any CPU = Debug|Any CPU
		Release|Any CPU = Release|Any CPU
	EndGlobalSection
	GlobalSection(ProjectConfigurationPlatforms) = postSolution
		{5AC0F057-5566-4F14-B344-312B894F9240}.Debug|Any CPU.ActiveCfg = Debug|Any CPU
		{5AC0F057-5566-4F14-B344-312B894F9240}.Debug|Any CPU.Build.0 = Debug|Any CPU
		{5AC0F057-5566-4F14-B344-312B894F9240}.Release|Any CPU.ActiveCfg = Release|Any CPU
		{5AC0F057-5566-4F14-B344-312B894F9240}.Release|Any CPU.Build.0 = Release|Any CPU
		{89CDA972-6395-41EF-8A3C-1B23887A2AC1}.Debug|Any CPU.ActiveCfg = Debug|Any CPU
		{89CDA972-6395-41EF-8A3C-1B23887A2AC1}.Debug|Any CPU.Build.0 = Debug|Any CPU
		{89CDA972-6395-41EF-8A3C-1B23887A2AC1}.Release|Any CPU.ActiveCfg = Release|Any CPU
		{89CDA972-6395-41EF-8A3C-1B23887A2AC1}.Release|Any CPU.Build.0 = Release|Any CPU
	EndGlobalSection
	GlobalSection(SolutionProperties) = preSolution
		HideSolutionNode = FALSE
	EndGlobalSection
	GlobalSection(ExtensibilityGlobals) = postSolution
		SolutionGuid = {E576F70D-0BBF-4DAB-8833-EFDD964BA4F3}
	EndGlobalSection
EndGlobal
